
Microsoft Visual Studio Solution File, Format Version 12.00
# Visual Studio Version 17
VisualStudioVersion = 17.0.31903.59
MinimumVisualStudioVersion = 10.0.40219.1
Project("{2150E333-8FDC-42A3-9474-1A3956D46DE8}") = "src", "src", "{827E0CD3-B72D-47B6-A68D-7590B98EB39B}"
EndProject
Project("{FAE04EC0-301F-11D3-BF4B-00C04F79EFBC}") = "Pharmacy.Api", "src\Pharmacy.Api\Pharmacy.Api.csproj", "{88595F57-7E5C-4B7D-B9D2-8ED0949BF515}"
EndProject
Project("{FAE04EC0-301F-11D3-BF4B-00C04F79EFBC}") = "Pharmacy.Application", "src\Pharmacy.Application\Pharmacy.Application.csproj", "{462958F6-7C04-41F6-A4FC-D5C6D73F3A80}"
EndProject
Project("{FAE04EC0-301F-11D3-BF4B-00C04F79EFBC}") = "Pharmacy.Domain", "src\Pharmacy.Domain\Pharmacy.Domain.csproj", "{043C61CE-8105-4E3B-B906-3E1F5C74FF6B}"
EndProject
Project("{FAE04EC0-301F-11D3-BF4B-00C04F79EFBC}") = "Pharmacy.Infrastructure", "src\Pharmacy.Infrastructure\Pharmacy.Infrastructure.csproj", "{E874343D-FEBB-4AFD-996D-09F126933506}"
EndProject
Project("{2150E333-8FDC-42A3-9474-1A3956D46DE8}") = "tests", "tests", "{0AB3BF05-4346-4AA6-1389-037BE0695223}"
EndProject
Project("{FAE04EC0-301F-11D3-BF4B-00C04F79EFBC}") = "Pharmacy.UnitTests", "tests\Pharmacy.UnitTests\Pharmacy.UnitTests.csproj", "{8780A846-ABF2-47EA-BDD3-602D50F59D04}"
EndProject
Project("{FAE04EC0-301F-11D3-BF4B-00C04F79EFBC}") = "Pharmacy.IntegrationTests", "tests\Pharmacy.IntegrationTests\Pharmacy.IntegrationTests.csproj", "{BF89C3A5-B273-4A33-A8FF-1807EDEA18F1}"
EndProject
Project("{FAE04EC0-301F-11D3-BF4B-00C04F79EFBC}") = "Pharmacy.ArchitectureTests", "tests\Pharmacy.ArchitectureTests\Pharmacy.ArchitectureTests.csproj", "{0AB6A50F-F335-429B-BC20-BF8593474DF4}"
EndProject
Global
	GlobalSection(SolutionConfigurationPlatforms) = preSolution
		Debug|Any CPU = Debug|Any CPU
		Debug|x64 = Debug|x64
		Debug|x86 = Debug|x86
		Release|Any CPU = Release|Any CPU
		Release|x64 = Release|x64
		Release|x86 = Release|x86
	EndGlobalSection
	GlobalSection(ProjectConfigurationPlatforms) = postSolution
		{88595F57-7E5C-4B7D-B9D2-8ED0949BF515}.Debug|Any CPU.ActiveCfg = Debug|Any CPU
		{88595F57-7E5C-4B7D-B9D2-8ED0949BF515}.Debug|Any CPU.Build.0 = Debug|Any CPU
		{88595F57-7E5C-4B7D-B9D2-8ED0949BF515}.Debug|x64.ActiveCfg = Debug|Any CPU
		{88595F57-7E5C-4B7D-B9D2-8ED0949BF515}.Debug|x64.Build.0 = Debug|Any CPU
		{88595F57-7E5C-4B7D-B9D2-8ED0949BF515}.Debug|x86.ActiveCfg = Debug|Any CPU
		{88595F57-7E5C-4B7D-B9D2-8ED0949BF515}.Debug|x86.Build.0 = Debug|Any CPU
		{88595F57-7E5C-4B7D-B9D2-8ED0949BF515}.Release|Any CPU.ActiveCfg = Release|Any CPU
		{88595F57-7E5C-4B7D-B9D2-8ED0949BF515}.Release|Any CPU.Build.0 = Release|Any CPU
		{88595F57-7E5C-4B7D-B9D2-8ED0949BF515}.Release|x64.ActiveCfg = Release|Any CPU
		{88595F57-7E5C-4B7D-B9D2-8ED0949BF515}.Release|x64.Build.0 = Release|Any CPU
		{88595F57-7E5C-4B7D-B9D2-8ED0949BF515}.Release|x86.ActiveCfg = Release|Any CPU
		{88595F57-7E5C-4B7D-B9D2-8ED0949BF515}.Release|x86.Build.0 = Release|Any CPU
		{462958F6-7C04-41F6-A4FC-D5C6D73F3A80}.Debug|Any CPU.ActiveCfg = Debug|Any CPU
		{462958F6-7C04-41F6-A4FC-D5C6D73F3A80}.Debug|Any CPU.Build.0 = Debug|Any CPU
		{462958F6-7C04-41F6-A4FC-D5C6D73F3A80}.Debug|x64.ActiveCfg = Debug|Any CPU
		{462958F6-7C04-41F6-A4FC-D5C6D73F3A80}.Debug|x64.Build.0 = Debug|Any CPU
		{462958F6-7C04-41F6-A4FC-D5C6D73F3A80}.Debug|x86.ActiveCfg = Debug|Any CPU
		{462958F6-7C04-41F6-A4FC-D5C6D73F3A80}.Debug|x86.Build.0 = Debug|Any CPU
		{462958F6-7C04-41F6-A4FC-D5C6D73F3A80}.Release|Any CPU.ActiveCfg = Release|Any CPU
		{462958F6-7C04-41F6-A4FC-D5C6D73F3A80}.Release|Any CPU.Build.0 = Release|Any CPU
		{462958F6-7C04-41F6-A4FC-D5C6D73F3A80}.Release|x64.ActiveCfg = Release|Any CPU
		{462958F6-7C04-41F6-A4FC-D5C6D73F3A80}.Release|x64.Build.0 = Release|Any CPU
		{462958F6-7C04-41F6-A4FC-D5C6D73F3A80}.Release|x86.ActiveCfg = Release|Any CPU
		{462958F6-7C04-41F6-A4FC-D5C6D73F3A80}.Release|x86.Build.0 = Release|Any CPU
		{043C61CE-8105-4E3B-B906-3E1F5C74FF6B}.Debug|Any CPU.ActiveCfg = Debug|Any CPU
		{043C61CE-8105-4E3B-B906-3E1F5C74FF6B}.Debug|Any CPU.Build.0 = Debug|Any CPU
		{043C61CE-8105-4E3B-B906-3E1F5C74FF6B}.Debug|x64.ActiveCfg = Debug|Any CPU
		{043C61CE-8105-4E3B-B906-3E1F5C74FF6B}.Debug|x64.Build.0 = Debug|Any CPU
		{043C61CE-8105-4E3B-B906-3E1F5C74FF6B}.Debug|x86.ActiveCfg = Debug|Any CPU
		{043C61CE-8105-4E3B-B906-3E1F5C74FF6B}.Debug|x86.Build.0 = Debug|Any CPU
		{043C61CE-8105-4E3B-B906-3E1F5C74FF6B}.Release|Any CPU.ActiveCfg = Release|Any CPU
		{043C61CE-8105-4E3B-B906-3E1F5C74FF6B}.Release|Any CPU.Build.0 = Release|Any CPU
		{043C61CE-8105-4E3B-B906-3E1F5C74FF6B}.Release|x64.ActiveCfg = Release|Any CPU
		{043C61CE-8105-4E3B-B906-3E1F5C74FF6B}.Release|x64.Build.0 = Release|Any CPU
		{043C61CE-8105-4E3B-B906-3E1F5C74FF6B}.Release|x86.ActiveCfg = Release|Any CPU
		{043C61CE-8105-4E3B-B906-3E1F5C74FF6B}.Release|x86.Build.0 = Release|Any CPU
		{E874343D-FEBB-4AFD-996D-09F126933506}.Debug|Any CPU.ActiveCfg = Debug|Any CPU
		{E874343D-FEBB-4AFD-996D-09F126933506}.Debug|Any CPU.Build.0 = Debug|Any CPU
		{E874343D-FEBB-4AFD-996D-09F126933506}.Debug|x64.ActiveCfg = Debug|Any CPU
		{E874343D-FEBB-4AFD-996D-09F126933506}.Debug|x64.Build.0 = Debug|Any CPU
		{E874343D-FEBB-4AFD-996D-09F126933506}.Debug|x86.ActiveCfg = Debug|Any CPU
		{E874343D-FEBB-4AFD-996D-09F126933506}.Debug|x86.Build.0 = Debug|Any CPU
		{E874343D-FEBB-4AFD-996D-09F126933506}.Release|Any CPU.ActiveCfg = Release|Any CPU
		{E874343D-FEBB-4AFD-996D-09F126933506}.Release|Any CPU.Build.0 = Release|Any CPU
		{E874343D-FEBB-4AFD-996D-09F126933506}.Release|x64.ActiveCfg = Release|Any CPU
		{E874343D-FEBB-4AFD-996D-09F126933506}.Release|x64.Build.0 = Release|Any CPU
		{E874343D-FEBB-4AFD-996D-09F126933506}.Release|x86.ActiveCfg = Release|Any CPU
		{E874343D-FEBB-4AFD-996D-09F126933506}.Release|x86.Build.0 = Release|Any CPU
		{8780A846-ABF2-47EA-BDD3-602D50F59D04}.Debug|Any CPU.ActiveCfg = Debug|Any CPU
		{8780A846-ABF2-47EA-BDD3-602D50F59D04}.Debug|Any CPU.Build.0 = Debug|Any CPU
		{8780A846-ABF2-47EA-BDD3-602D50F59D04}.Debug|x64.ActiveCfg = Debug|Any CPU
		{8780A846-ABF2-47EA-BDD3-602D50F59D04}.Debug|x64.Build.0 = Debug|Any CPU
		{8780A846-ABF2-47EA-BDD3-602D50F59D04}.Debug|x86.ActiveCfg = Debug|Any CPU
		{8780A846-ABF2-47EA-BDD3-602D50F59D04}.Debug|x86.Build.0 = Debug|Any CPU
		{8780A846-ABF2-47EA-BDD3-602D50F59D04}.Release|Any CPU.ActiveCfg = Release|Any CPU
		{8780A846-ABF2-47EA-BDD3-602D50F59D04}.Release|Any CPU.Build.0 = Release|Any CPU
		{8780A846-ABF2-47EA-BDD3-602D50F59D04}.Release|x64.ActiveCfg = Release|Any CPU
		{8780A846-ABF2-47EA-BDD3-602D50F59D04}.Release|x64.Build.0 = Release|Any CPU
		{8780A846-ABF2-47EA-BDD3-602D50F59D04}.Release|x86.ActiveCfg = Release|Any CPU
		{8780A846-ABF2-47EA-BDD3-602D50F59D04}.Release|x86.Build.0 = Release|Any CPU
		{BF89C3A5-B273-4A33-A8FF-1807EDEA18F1}.Debug|Any CPU.ActiveCfg = Debug|Any CPU
		{BF89C3A5-B273-4A33-A8FF-1807EDEA18F1}.Debug|Any CPU.Build.0 = Debug|Any CPU
		{BF89C3A5-B273-4A33-A8FF-1807EDEA18F1}.Debug|x64.ActiveCfg = Debug|Any CPU
		{BF89C3A5-B273-4A33-A8FF-1807EDEA18F1}.Debug|x64.Build.0 = Debug|Any CPU
		{BF89C3A5-B273-4A33-A8FF-1807EDEA18F1}.Debug|x86.ActiveCfg = Debug|Any CPU
		{BF89C3A5-B273-4A33-A8FF-1807EDEA18F1}.Debug|x86.Build.0 = Debug|Any CPU
		{BF89C3A5-B273-4A33-A8FF-1807EDEA18F1}.Release|Any CPU.ActiveCfg = Release|Any CPU
		{BF89C3A5-B273-4A33-A8FF-1807EDEA18F1}.Release|Any CPU.Build.0 = Release|Any CPU
		{BF89C3A5-B273-4A33-A8FF-1807EDEA18F1}.Release|x64.ActiveCfg = Release|Any CPU
		{BF89C3A5-B273-4A33-A8FF-1807EDEA18F1}.Release|x64.Build.0 = Release|Any CPU
		{BF89C3A5-B273-4A33-A8FF-1807EDEA18F1}.Release|x86.ActiveCfg = Release|Any CPU
		{BF89C3A5-B273-4A33-A8FF-1807EDEA18F1}.Release|x86.Build.0 = Release|Any CPU
		{0AB6A50F-F335-429B-BC20-BF8593474DF4}.Debug|Any CPU.ActiveCfg = Debug|Any CPU
		{0AB6A50F-F335-429B-BC20-BF8593474DF4}.Debug|Any CPU.Build.0 = Debug|Any CPU
		{0AB6A50F-F335-429B-BC20-BF8593474DF4}.Debug|x64.ActiveCfg = Debug|Any CPU
		{0AB6A50F-F335-429B-BC20-BF8593474DF4}.Debug|x64.Build.0 = Debug|Any CPU
		{0AB6A50F-F335-429B-BC20-BF8593474DF4}.Debug|x86.ActiveCfg = Debug|Any CPU
		{0AB6A50F-F335-429B-BC20-BF8593474DF4}.Debug|x86.Build.0 = Debug|Any CPU
		{0AB6A50F-F335-429B-BC20-BF8593474DF4}.Release|Any CPU.ActiveCfg = Release|Any CPU
		{0AB6A50F-F335-429B-BC20-BF8593474DF4}.Release|Any CPU.Build.0 = Release|Any CPU
		{0AB6A50F-F335-429B-BC20-BF8593474DF4}.Release|x64.ActiveCfg = Release|Any CPU
		{0AB6A50F-F335-429B-BC20-BF8593474DF4}.Release|x64.Build.0 = Release|Any CPU
		{0AB6A50F-F335-429B-BC20-BF8593474DF4}.Release|x86.ActiveCfg = Release|Any CPU
		{0AB6A50F-F335-429B-BC20-BF8593474DF4}.Release|x86.Build.0 = Release|Any CPU
	EndGlobalSection
	GlobalSection(SolutionProperties) = preSolution
		HideSolutionNode = FALSE
	EndGlobalSection
	GlobalSection(NestedProjects) = preSolution
		{88595F57-7E5C-4B7D-B9D2-8ED0949BF515} = {827E0CD3-B72D-47B6-A68D-7590B98EB39B}
		{462958F6-7C04-41F6-A4FC-D5C6D73F3A80} = {827E0CD3-B72D-47B6-A68D-7590B98EB39B}
		{043C61CE-8105-4E3B-B906-3E1F5C74FF6B} = {827E0CD3-B72D-47B6-A68D-7590B98EB39B}
		{E874343D-FEBB-4AFD-996D-09F126933506} = {827E0CD3-B72D-47B6-A68D-7590B98EB39B}
		{8780A846-ABF2-47EA-BDD3-602D50F59D04} = {0AB3BF05-4346-4AA6-1389-037BE0695223}
		{BF89C3A5-B273-4A33-A8FF-1807EDEA18F1} = {0AB3BF05-4346-4AA6-1389-037BE0695223}
		{0AB6A50F-F335-429B-BC20-BF8593474DF4} = {0AB3BF05-4346-4AA6-1389-037BE0695223}
	EndGlobalSection
EndGlobal
